// !$*UTF8*$!
{
	archiveVersion = 1;
	classes = {
	};
	objectVersion = 56;
	objects = {

/* Begin PBXBuildFile section */
		285BE37A2FEB561C00A5D076 /* MekongingApp.swift in Sources */ = {isa = PBXBuildFile; fileRef = 285BE3792FEB561C00A5D076 /* MekongingApp.swift */; };
		285BE37C2FEB561C00A5D076 /* ContentView.swift in Sources */ = {isa = PBXBuildFile; fileRef = 285BE37B2FEB561C00A5D076 /* ContentView.swift */; };
		285BE37E2FEB561F00A5D076 /* Assets.xcassets in Resources */ = {isa = PBXBuildFile; fileRef = 285BE37D2FEB561F00A5D076 /* Assets.xcassets */; };
		285BE3812FEB561F00A5D076 /* Preview Assets.xcassets in Resources */ = {isa = PBXBuildFile; fileRef = 285BE3802FEB561F00A5D076 /* Preview Assets.xcassets */; };
		285BE3832FEB561F00A5D076 /* Persistence.swift in Sources */ = {isa = PBXBuildFile; fileRef = 285BE3822FEB561F00A5D076 /* Persistence.swift */; };
		285BE3862FEB561F00A5D076 /* Mekonging.xcdatamodeld in Sources */ = {isa = PBXBuildFile; fileRef = 285BE3842FEB561F00A5D076 /* Mekonging.xcdatamodeld */; };
		285BE3902FEB561F00A5D076 /* MekongingTests.swift in Sources */ = {isa = PBXBuildFile; fileRef = 285BE38F2FEB561F00A5D076 /* MekongingTests.swift */; };
		285BE39A2FEB561F00A5D076 /* MekongingUITests.swift in Sources */ = {isa = PBXBuildFile; fileRef = 285BE3992FEB561F00A5D076 /* MekongingUITests.swift */; };
		285BE39C2FEB561F00A5D076 /* MekongingUITestsLaunchTests.swift in Sources */ = {isa = PBXBuildFile; fileRef = 285BE39B2FEB561F00A5D076 /* MekongingUITestsLaunchTests.swift */; };
/* End PBXBuildFile section */

/* Begin PBXContainerItemProxy section */
		285BE38C2FEB561F00A5D076 /* PBXContainerItemProxy */ = {
			isa = PBXContainerItemProxy;
			containerPortal = 285BE36E2FEB561C00A5D076 /* Project object */;
			proxyType = 1;
			remoteGlobalIDString = 285BE3752FEB561C00A5D076;
			remoteInfo = Mekonging;
		};
		285BE3962FEB561F00A5D076 /* PBXContainerItemProxy */ = {
			isa = PBXContainerItemProxy;
			containerPortal = 285BE36E2FEB561C00A5D076 /* Project object */;
			proxyType = 1;
			remoteGlobalIDString = 285BE3752FEB561C00A5D076;
			remoteInfo = Mekonging;
		};
/* End PBXContainerItemProxy section */

/* Begin PBXFileReference section */
		285BE3762FEB561C00A5D076 /* Mekonging.app */ = {isa = PBXFileReference; explicitFileType = wrapper.application; includeInIndex = 0; path = Mekonging.app; sourceTree = BUILT_PRODUCTS_DIR; };
		285BE3792FEB561C00A5D076 /* MekongingApp.swift */ = {isa = PBXFileReference; lastKnownFileType = sourcecode.swift; path = MekongingApp.swift; sourceTree = "<group>"; };
		285BE37B2FEB561C00A5D076 /* ContentView.swift */ = {isa = PBXFileReference; lastKnownFileType = sourcecode.swift; path = ContentView.swift; sourceTree = "<group>"; };
		285BE37D2FEB561F00A5D076 /* Assets.xcassets */ = {isa = PBXFileReference; lastKnownFileType = folder.assetcatalog; path = Assets.xcassets; sourceTree = "<group>"; };
		285BE3802FEB561F00A5D076 /* Preview Assets.xcassets */ = {isa = PBXFileReference; lastKnownFileType = folder.assetcatalog; path = "Preview Assets.xcassets"; sourceTree = "<group>"; };
		285BE3822FEB561F00A5D076 /* Persistence.swift */ = {isa = PBXFileReference; lastKnownFileType = sourcecode.swift; path = Persistence.swift; sourceTree = "<group>"; };
		285BE3852FEB561F00A5D076 /* Mekonging.xcdatamodel */ = {isa = PBXFileReference; lastKnownFileType = wrapper.xcdatamodel; path = Mekonging.xcdatamodel; sourceTree = "<group>"; };
		285BE38B2FEB561F00A5D076 /* MekongingTests.xctest */ = {isa = PBXFileReference; explicitFileType = wrapper.cfbundle; includeInIndex = 0; path = MekongingTests.xctest; sourceTree = BUILT_PRODUCTS_DIR; };
		285BE38F2FEB561F00A5D076 /* MekongingTests.swift */ = {isa = PBXFileReference; lastKnownFileType = sourcecode.swift; path = MekongingTests.swift; sourceTree = "<group>"; };
		285BE3952FEB561F00A5D076 /* MekongingUITests.xctest */ = {isa = PBXFileReference; explicitFileType = wrapper.cfbundle; includeInIndex = 0; path = MekongingUITests.xctest; sourceTree = BUILT_PRODUCTS_DIR; };
		285BE3992FEB561F00A5D076 /* MekongingUITests.swift */ = {isa = PBXFileReference; lastKnownFileType = sourcecode.swift; path = MekongingUITests.swift; sourceTree = "<group>"; };
		285BE39B2FEB561F00A5D076 /* MekongingUITestsLaunchTests.swift */ = {isa = PBXFileReference; lastKnownFileType = sourcecode.swift; path = MekongingUITestsLaunchTests.swift; sourceTree = "<group>"; };
/* End PBXFileReference section */

/* Begin PBXFrameworksBuildPhase section */
		285BE3732FEB561C00A5D076 /* Frameworks */ = {
			isa = PBXFrameworksBuildPhase;
			buildActionMask = 2147483647;
			files = (
			);
			runOnlyForDeploymentPostprocessing = 0;
		};
		285BE3882FEB561F00A5D076 /* Frameworks */ = {
			isa = PBXFrameworksBuildPhase;
			buildActionMask = 2147483647;
			files = (
			);
			runOnlyForDeploymentPostprocessing = 0;
		};
		285BE3922FEB561F00A5D076 /* Frameworks */ = {
			isa = PBXFrameworksBuildPhase;
			buildActionMask = 2147483647;
			files = (
			);
			runOnlyForDeploymentPostprocessing = 0;
		};
/* End PBXFrameworksBuildPhase section */

/* Begin PBXGroup section */
		285BE36D2FEB561C00A5D076 = {
			isa = PBXGroup;
			children = (
				285BE3782FEB561C00A5D076 /* Mekonging */,
				285BE38E2FEB561F00A5D076 /* MekongingTests */,
				285BE3982FEB561F00A5D076 /* MekongingUITests */,
				285BE3772FEB561C00A5D076 /* Products */,
			);
			sourceTree = "<group>";
		};
		285BE3772FEB561C00A5D076 /* Products */ = {
			isa = PBXGroup;
			children = (
				285BE3762FEB561C00A5D076 /* Mekonging.app */,
				285BE38B2FEB561F00A5D076 /* MekongingTests.xctest */,
				285BE3952FEB561F00A5D076 /* MekongingUITests.xctest */,
			);
			name = Products;
			sourceTree = "<group>";
		};
		285BE3782FEB561C00A5D076 /* Mekonging */ = {
			isa = PBXGroup;
			children = (
				285BE3792FEB561C00A5D076 /* MekongingApp.swift */,
				285BE37B2FEB561C00A5D076 /* ContentView.swift */,
				285BE37D2FEB561F00A5D076 /* Assets.xcassets */,
				285BE3822FEB561F00A5D076 /* Persistence.swift */,
				285BE3842FEB561F00A5D076 /* Mekonging.xcdatamodeld */,
				285BE37F2FEB561F00A5D076 /* Preview Content */,
			);
			path = Mekonging;
			sourceTree = "<group>";
		};
		285BE37F2FEB561F00A5D076 /* Preview Content */ = {
			isa = PBXGroup;
			children = (
				285BE3802FEB561F00A5D076 /* Preview Assets.xcassets */,
			);
			path = "Preview Content";
			sourceTree = "<group>";
		};
		285BE38E2FEB561F00A5D076 /* MekongingTests */ = {
			isa = PBXGroup;
			children = (
				285BE38F2FEB561F00A5D076 /* MekongingTests.swift */,
			);
			path = MekongingTests;
			sourceTree = "<group>";
		};
		285BE3982FEB561F00A5D076 /* MekongingUITests */ = {
			isa = PBXGroup;
			children = (
				285BE3992FEB561F00A5D076 /* MekongingUITests.swift */,
				285BE39B2FEB561F00A5D076 /* MekongingUITestsLaunchTests.swift */,
			);
			path = MekongingUITests;
			sourceTree = "<group>";
		};
/* End PBXGroup section */

/* Begin PBXNativeTarget section */
		285BE3752FEB561C00A5D076 /* Mekonging */ = {
			isa = PBXNativeTarget;
			buildConfigurationList = 285BE39F2FEB561F00A5D076 /* Build configuration list for PBXNativeTarget "Mekonging" */;
			buildPhases = (
				285BE3722FEB561C00A5D076 /* Sources */,
				285BE3732FEB561C00A5D076 /* Frameworks */,
				285BE3742FEB561C00A5D076 /* Resources */,
			);
			buildRules = (
			);
			dependencies = (
			);
			name = Mekonging;
			productName = Mekonging;
			productReference = 285BE3762FEB561C00A5D076 /* Mekonging.app */;
			productType = "com.apple.product-type.application";
		};
		285BE38A2FEB561F00A5D076 /* MekongingTests */ = {
			isa = PBXNativeTarget;
			buildConfigurationList = 285BE3A22FEB561F00A5D076 /* Build configuration list for PBXNativeTarget "MekongingTests" */;
			buildPhases = (
				285BE3872FEB561F00A5D076 /* Sources */,
				285BE3882FEB561F00A5D076 /* Frameworks */,
				285BE3892FEB561F00A5D076 /* Resources */,
			);
			buildRules = (
			);
			dependencies = (
				285BE38D2FEB561F00A5D076 /* PBXTargetDependency */,
			);
			name = MekongingTests;
			productName = MekongingTests;
			productReference = 285BE38B2FEB561F00A5D076 /* MekongingTests.xctest */;
			productType = "com.apple.product-type.bundle.unit-test";
		};
		285BE3942FEB561F00A5D076 /* MekongingUITests */ = {
			isa = PBXNativeTarget;
			buildConfigurationList = 285BE3A52FEB561F00A5D076 /* Build configuration list for PBXNativeTarget "MekongingUITests" */;
			buildPhases = (
				285BE3912FEB561F00A5D076 /* Sources */,
				285BE3922FEB561F00A5D076 /* Frameworks */,
				285BE3932FEB561F00A5D076 /* Resources */,
			);
			buildRules = (
			);
			dependencies = (
				285BE3972FEB561F00A5D076 /* PBXTargetDependency */,
			);
			name = MekongingUITests;
			productName = MekongingUITests;
			productReference = 285BE3952FEB561F00A5D076 /* MekongingUITests.xctest */;
			productType = "com.apple.product-type.bundle.ui-testing";
		};
/* End PBXNativeTarget section */

/* Begin PBXProject section */
		285BE36E2FEB561C00A5D076 /* Project object */ = {
			isa = PBXProject;
			attributes = {
				BuildIndependentTargetsInParallel = 1;
				LastSwiftUpdateCheck = 1420;
				LastUpgradeCheck = 1420;
				TargetAttributes = {
					285BE3752FEB561C00A5D076 = {
						CreatedOnToolsVersion = 14.2;
					};
					285BE38A2FEB561F00A5D076 = {
						CreatedOnToolsVersion = 14.2;
						TestTargetID = 285BE3752FEB561C00A5D076;
					};
					285BE3942FEB561F00A5D076 = {
						CreatedOnToolsVersion = 14.2;
						TestTargetID = 285BE3752FEB561C00A5D076;
					};
				};
			};
			buildConfigurationList = 285BE3712FEB561C00A5D076 /* Build configuration list for PBXProject "Mekonging" */;
			compatibilityVersion = "Xcode 14.0";
			developmentRegion = en;
			hasScannedForEncodings = 0;
			knownRegions = (
				en,
				Base,
			);
			mainGroup = 285BE36D2FEB561C00A5D076;
			productRefGroup = 285BE3772FEB561C00A5D076 /* Products */;
			projectDirPath = "";
			projectRoot = "";
			targets = (
				285BE3752FEB561C00A5D076 /* Mekonging */,
				285BE38A2FEB561F00A5D076 /* MekongingTests */,
				285BE3942FEB561F00A5D076 /* MekongingUITests */,
			);
		};
/* End PBXProject section */

/* Begin PBXResourcesBuildPhase section */
		285BE3742FEB561C00A5D076 /* Resources */ = {
			isa = PBXResourcesBuildPhase;
			buildActionMask = 2147483647;
			files = (
				285BE3812FEB561F00A5D076 /* Preview Assets.xcassets in Resources */,
				285BE37E2FEB561F00A5D076 /* Assets.xcassets in Resources */,
			);
			runOnlyForDeploymentPostprocessing = 0;
		};
		285BE3892FEB561F00A5D076 /* Resources */ = {
			isa = PBXResourcesBuildPhase;
			buildActionMask = 2147483647;
			files = (
			);
			runOnlyForDeploymentPostprocessing = 0;
		};
		285BE3932FEB561F00A5D076 /* Resources */ = {
			isa = PBXResourcesBuildPhase;
			buildActionMask = 2147483647;
			files = (
			);
			runOnlyForDeploymentPostprocessing = 0;
		};
/* End PBXResourcesBuildPhase section */

/* Begin PBXSourcesBuildPhase section */
		285BE3722FEB561C00A5D076 /* Sources */ = {
			isa = PBXSourcesBuildPhase;
			buildActionMask = 2147483647;
			files = (
				285BE3832FEB561F00A5D076 /* Persistence.swift in Sources */,
				285BE3862FEB561F00A5D076 /* Mekonging.xcdatamodeld in Sources */,
				285BE37C2FEB561C00A5D076 /* ContentView.swift in Sources */,
				285BE37A2FEB561C00A5D076 /* MekongingApp.swift in Sources */,
			);
			runOnlyForDeploymentPostprocessing = 0;
		};
		285BE3872FEB561F00A5D076 /* Sources */ = {
			isa = PBXSourcesBuildPhase;
			buildActionMask = 2147483647;
			files = (
				285BE3902FEB561F00A5D076 /* MekongingTests.swift in Sources */,
			);
			runOnlyForDeploymentPostprocessing = 0;
		};
		285BE3912FEB561F00A5D076 /* Sources */ = {
			isa = PBXSourcesBuildPhase;
			buildActionMask = 2147483647;
			files = (
				285BE39C2FEB561F00A5D076 /* MekongingUITestsLaunchTests.swift in Sources */,
				285BE39A2FEB561F00A5D076 /* MekongingUITests.swift in Sources */,
			);
			runOnlyForDeploymentPostprocessing = 0;
		};
/* End PBXSourcesBuildPhase section */

/* Begin PBXTargetDependency section */
		285BE38D2FEB561F00A5D076 /* PBXTargetDependency */ = {
			isa = PBXTargetDependency;
			target = 285BE3752FEB561C00A5D076 /* Mekonging */;
			targetProxy = 285BE38C2FEB561F00A5D076 /* PBXContainerItemProxy */;
		};
		285BE3972FEB561F00A5D076 /* PBXTargetDependency */ = {
			isa = PBXTargetDependency;
			target = 285BE3752FEB561C00A5D076 /* Mekonging */;
			targetProxy = 285BE3962FEB561F00A5D076 /* PBXContainerItemProxy */;
		};
/* End PBXTargetDependency section */

/* Begin XCBuildConfiguration section */
		285BE39D2FEB561F00A5D076 /* Debug */ = {
			isa = XCBuildConfiguration;
			buildSettings = {
				ALWAYS_SEARCH_USER_PATHS = NO;
				CLANG_ANALYZER_NONNULL = YES;
				CLANG_ANALYZER_NUMBER_OBJECT_CONVERSION = YES_AGGRESSIVE;
				CLANG_CXX_LANGUAGE_STANDARD = "gnu++20";
				CLANG_ENABLE_MODULES = YES;
				CLANG_ENABLE_OBJC_ARC = YES;
				CLANG_ENABLE_OBJC_WEAK = YES;
				CLANG_WARN_BLOCK_CAPTURE_AUTORELEASING = YES;
				CLANG_WARN_BOOL_CONVERSION = YES;
				CLANG_WARN_COMMA = YES;
				CLANG_WARN_CONSTANT_CONVERSION = YES;
				CLANG_WARN_DEPRECATED_OBJC_IMPLEMENTATIONS = YES;
				CLANG_WARN_DIRECT_OBJC_ISA_USAGE = YES_ERROR;
				CLANG_WARN_DOCUMENTATION_COMMENTS = YES;
				CLANG_WARN_EMPTY_BODY = YES;
				CLANG_WARN_ENUM_CONVERSION = YES;
				CLANG_WARN_INFINITE_RECURSION = YES;
				CLANG_WARN_INT_CONVERSION = YES;
				CLANG_WARN_NON_LITERAL_NULL_CONVERSION = YES;
				CLANG_WARN_OBJC_IMPLICIT_RETAIN_SELF = YES;
				CLANG_WARN_OBJC_LITERAL_CONVERSION = YES;
				CLANG_WARN_OBJC_ROOT_CLASS = YES_ERROR;
				CLANG_WARN_QUOTED_INCLUDE_IN_FRAMEWORK_HEADER = YES;
				CLANG_WARN_RANGE_LOOP_ANALYSIS = YES;
				CLANG_WARN_STRICT_PROTOTYPES = YES;
				CLANG_WARN_SUSPICIOUS_MOVE = YES;
				CLANG_WARN_UNGUARDED_AVAILABILITY = YES_AGGRESSIVE;
				CLANG_WARN_UNREACHABLE_CODE = YES;
				CLANG_WARN__DUPLICATE_METHOD_MATCH = YES;
				COPY_PHASE_STRIP = NO;
				DEBUG_INFORMATION_FORMAT = dwarf;
				ENABLE_STRICT_OBJC_MSGSEND = YES;
				ENABLE_TESTABILITY = YES;
				GCC_C_LANGUAGE_STANDARD = gnu11;
				GCC_DYNAMIC_NO_PIC = NO;
				GCC_NO_COMMON_BLOCKS = YES;
				GCC_OPTIMIZATION_LEVEL = 0;
				GCC_PREPROCESSOR_DEFINITIONS = (
					"DEBUG=1",
					"$(inherited)",
				);
				GCC_WARN_64_TO_32_BIT_CONVERSION = YES;
				GCC_WARN_ABOUT_RETURN_TYPE = YES_ERROR;
				GCC_WARN_UNDECLARED_SELECTOR = YES;
				GCC_WARN_UNINITIALIZED_AUTOS = YES_AGGRESSIVE;
				GCC_WARN_UNUSED_FUNCTION = YES;
				GCC_WARN_UNUSED_VARIABLE = YES;
				IPHONEOS_DEPLOYMENT_TARGET = 16.2;
				MTL_ENABLE_DEBUG_INFO = INCLUDE_SOURCE;
				MTL_FAST_MATH = YES;
				ONLY_ACTIVE_ARCH = YES;
				SDKROOT = iphoneos;
				SWIFT_ACTIVE_COMPILATION_CONDITIONS = DEBUG;
				SWIFT_OPTIMIZATION_LEVEL = "-Onone";
			};
			name = Debug;
		};
		285BE39E2FEB561F00A5D076 /* Release */ = {
			isa = XCBuildConfiguration;
			buildSettings = {
				ALWAYS_SEARCH_USER_PATHS = NO;
				CLANG_ANALYZER_NONNULL = YES;
				CLANG_ANALYZER_NUMBER_OBJECT_CONVERSION = YES_AGGRESSIVE;
				CLANG_CXX_LANGUAGE_STANDARD = "gnu++20";
				CLANG_ENABLE_MODULES = YES;
				CLANG_ENABLE_OBJC_ARC = YES;
				CLANG_ENABLE_OBJC_WEAK = YES;
				CLANG_WARN_BLOCK_CAPTURE_AUTORELEASING = YES;
				CLANG_WARN_BOOL_CONVERSION = YES;
				CLANG_WARN_COMMA = YES;
				CLANG_WARN_CONSTANT_CONVERSION = YES;
				CLANG_WARN_DEPRECATED_OBJC_IMPLEMENTATIONS = YES;
				CLANG_WARN_DIRECT_OBJC_ISA_USAGE = YES_ERROR;
				CLANG_WARN_DOCUMENTATION_COMMENTS = YES;
				CLANG_WARN_EMPTY_BODY = YES;
				CLANG_WARN_ENUM_CONVERSION = YES;
				CLANG_WARN_INFINITE_RECURSION = YES;
				CLANG_WARN_INT_CONVERSION = YES;
				CLANG_WARN_NON_LITERAL_NULL_CONVERSION = YES;
				CLANG_WARN_OBJC_IMPLICIT_RETAIN_SELF = YES;
				CLANG_WARN_OBJC_LITERAL_CONVERSION = YES;
				CLANG_WARN_OBJC_ROOT_CLASS = YES_ERROR;
				CLANG_WARN_QUOTED_INCLUDE_IN_FRAMEWORK_HEADER = YES;
				CLANG_WARN_RANGE_LOOP_ANALYSIS = YES;
				CLANG_WARN_STRICT_PROTOTYPES = YES;
				CLANG_WARN_SUSPICIOUS_MOVE = YES;
				CLANG_WARN_UNGUARDED_AVAILABILITY = YES_AGGRESSIVE;
				CLANG_WARN_UNREACHABLE_CODE = YES;
				CLANG_WARN__DUPLICATE_METHOD_MATCH = YES;
				COPY_PHASE_STRIP = NO;
				DEBUG_INFORMATION_FORMAT = "dwarf-with-dsym";
				ENABLE_NS_ASSERTIONS = NO;
				ENABLE_STRICT_OBJC_MSGSEND = YES;
				GCC_C_LANGUAGE_STANDARD = gnu11;
				GCC_NO_COMMON_BLOCKS = YES;
				GCC_WARN_64_TO_32_BIT_CONVERSION = YES;
				GCC_WARN_ABOUT_RETURN_TYPE = YES_ERROR;
				GCC_WARN_UNDECLARED_SELECTOR = YES;
				GCC_WARN_UNINITIALIZED_AUTOS = YES_AGGRESSIVE;
				GCC_WARN_UNUSED_FUNCTION = YES;
				GCC_WARN_UNUSED_VARIABLE = YES;
				IPHONEOS_DEPLOYMENT_TARGET = 16.2;
				MTL_ENABLE_DEBUG_INFO = NO;
				MTL_FAST_MATH = YES;
				SDKROOT = iphoneos;
				SWIFT_COMPILATION_MODE = wholemodule;
				SWIFT_OPTIMIZATION_LEVEL = "-O";
				VALIDATE_PRODUCT = YES;
			};
			name = Release;
		};
		285BE3A02FEB561F00A5D076 /* Debug */ = {
			isa = XCBuildConfiguration;
			buildSettings = {
				ASSETCATALOG_COMPILER_APPICON_NAME = AppIcon;
				ASSETCATALOG_COMPILER_GLOBAL_ACCENT_COLOR_NAME = AccentColor;
				CODE_SIGN_STYLE = Automatic;
				CURRENT_PROJECT_VERSION = 1;
				DEVELOPMENT_ASSET_PATHS = "\"Mekonging/Preview Content\"";
				DEVELOPMENT_TEAM = KYNT7822X8;
				ENABLE_PREVIEWS = YES;
				GENERATE_INFOPLIST_FILE = YES;
				INFOPLIST_KEY_UIApplicationSceneManifest_Generation = YES;
				INFOPLIST_KEY_UIApplicationSupportsIndirectInputEvents = YES;
				INFOPLIST_KEY_UILaunchScreen_Generation = YES;
				INFOPLIST_KEY_UISupportedInterfaceOrientations_iPad = "UIInterfaceOrientationPortrait UIInterfaceOrientationPortraitUpsideDown UIInterfaceOrientationLandscapeLeft UIInterfaceOrientationLandscapeRight";
				INFOPLIST_KEY_UISupportedInterfaceOrientations_iPhone = "UIInterfaceOrientationPortrait UIInterfaceOrientationLandscapeLeft UIInterfaceOrientationLandscapeRight";
				LD_RUNPATH_SEARCH_PATHS = (
					"$(inherited)",
					"@executable_path/Frameworks",
				);
				MARKETING_VERSION = 1.0;
				PRODUCT_BUNDLE_IDENTIFIER = "Take-1.01.Mekonging";
				PRODUCT_NAME = "$(TARGET_NAME)";
				SWIFT_EMIT_LOC_STRINGS = YES;
				SWIFT_VERSION = 5.0;
				TARGETED_DEVICE_FAMILY = "1,2";
			};
			name = Debug;
		};
		285BE3A12FEB561F00A5D076 /* Release */ = {
			isa = XCBuildConfiguration;
			buildSettings = {
				ASSETCATALOG_COMPILER_APPICON_NAME = AppIcon;
				ASSETCATALOG_COMPILER_GLOBAL_ACCENT_COLOR_NAME = AccentColor;
				CODE_SIGN_STYLE = Automatic;
				CURRENT_PROJECT_VERSION = 1;
				DEVELOPMENT_ASSET_PATHS = "\"Mekonging/Preview Content\"";
				DEVELOPMENT_TEAM = KYNT7822X8;
				ENABLE_PREVIEWS = YES;
				GENERATE_INFOPLIST_FILE = YES;
				INFOPLIST_KEY_UIApplicationSceneManifest_Generation = YES;
				INFOPLIST_KEY_UIApplicationSupportsIndirectInputEvents = YES;
				INFOPLIST_KEY_UILaunchScreen_Generation = YES;
				INFOPLIST_KEY_UISupportedInterfaceOrientations_iPad = "UIInterfaceOrientationPortrait UIInterfaceOrientationPortraitUpsideDown UIInterfaceOrientationLandscapeLeft UIInterfaceOrientationLandscapeRight";
				INFOPLIST_KEY_UISupportedInterfaceOrientations_iPhone = "UIInterfaceOrientationPortrait UIInterfaceOrientationLandscapeLeft UIInterfaceOrientationLandscapeRight";
				LD_RUNPATH_SEARCH_PATHS = (
					"$(inherited)",
					"@executable_path/Frameworks",
				);
				MARKETING_VERSION = 1.0;
				PRODUCT_BUNDLE_IDENTIFIER = "Take-1.01.Mekonging";
				PRODUCT_NAME = "$(TARGET_NAME)";
				SWIFT_EMIT_LOC_STRINGS = YES;
				SWIFT_VERSION = 5.0;
				TARGETED_DEVICE_FAMILY = "1,2";
			};
			name = Release;
		};
		285BE3A32FEB561F00A5D076 /* Debug */ = {
			isa = XCBuildConfiguration;
			buildSettings = {
				ALWAYS_EMBED_SWIFT_STANDARD_LIBRARIES = YES;
				BUNDLE_LOADER = "$(TEST_HOST)";
				CODE_SIGN_STYLE = Automatic;
				CURRENT_PROJECT_VERSION = 1;
				DEVELOPMENT_TEAM = KYNT7822X8;
				GENERATE_INFOPLIST_FILE = YES;
				IPHONEOS_DEPLOYMENT_TARGET = 16.2;
				MARKETING_VERSION = 1.0;
				PRODUCT_BUNDLE_IDENTIFIER = "Take-1.01.MekongingTests";
				PRODUCT_NAME = "$(TARGET_NAME)";
				SWIFT_EMIT_LOC_STRINGS = NO;
				SWIFT_VERSION = 5.0;
				TARGETED_DEVICE_FAMILY = "1,2";
				TEST_HOST = "$(BUILT_PRODUCTS_DIR)/Mekonging.app/$(BUNDLE_EXECUTABLE_FOLDER_PATH)/Mekonging";
			};
			name = Debug;
		};
		285BE3A42FEB561F00A5D076 /* Release */ = {
			isa = XCBuildConfiguration;
			buildSettings = {
				ALWAYS_EMBED_SWIFT_STANDARD_LIBRARIES = YES;
				BUNDLE_LOADER = "$(TEST_HOST)";
				CODE_SIGN_STYLE = Automatic;
				CURRENT_PROJECT_VERSION = 1;
				DEVELOPMENT_TEAM = KYNT7822X8;
				GENERATE_INFOPLIST_FILE = YES;
				IPHONEOS_DEPLOYMENT_TARGET = 16.2;
				MARKETING_VERSION = 1.0;
				PRODUCT_BUNDLE_IDENTIFIER = "Take-1.01.MekongingTests";
				PRODUCT_NAME = "$(TARGET_NAME)";
				SWIFT_EMIT_LOC_STRINGS = NO;
				SWIFT_VERSION = 5.0;
				TARGETED_DEVICE_FAMILY = "1,2";
				TEST_HOST = "$(BUILT_PRODUCTS_DIR)/Mekonging.app/$(BUNDLE_EXECUTABLE_FOLDER_PATH)/Mekonging";
			};
			name = Release;
		};
		285BE3A62FEB561F00A5D076 /* Debug */ = {
			isa = XCBuildConfiguration;
			buildSettings = {
				ALWAYS_EMBED_SWIFT_STANDARD_LIBRARIES = YES;
				CODE_SIGN_STYLE = Automatic;
				CURRENT_PROJECT_VERSION = 1;
				DEVELOPMENT_TEAM = KYNT7822X8;
				GENERATE_INFOPLIST_FILE = YES;
				MARKETING_VERSION = 1.0;
				PRODUCT_BUNDLE_IDENTIFIER = "Take-1.01.MekongingUITests";
				PRODUCT_NAME = "$(TARGET_NAME)";
				SWIFT_EMIT_LOC_STRINGS = NO;
				SWIFT_VERSION = 5.0;
				TARGETED_DEVICE_FAMILY = "1,2";
				TEST_TARGET_NAME = Mekonging;
			};
			name = Debug;
		};
		285BE3A72FEB561F00A5D076 /* Release */ = {
			isa = XCBuildConfiguration;
			buildSettings = {
				ALWAYS_EMBED_SWIFT_STANDARD_LIBRARIES = YES;
				CODE_SIGN_STYLE = Automatic;
				CURRENT_PROJECT_VERSION = 1;
				DEVELOPMENT_TEAM = KYNT7822X8;
				GENERATE_INFOPLIST_FILE = YES;
				MARKETING_VERSION = 1.0;
				PRODUCT_BUNDLE_IDENTIFIER = "Take-1.01.MekongingUITests";
				PRODUCT_NAME = "$(TARGET_NAME)";
				SWIFT_EMIT_LOC_STRINGS = NO;
				SWIFT_VERSION = 5.0;
				TARGETED_DEVICE_FAMILY = "1,2";
				TEST_TARGET_NAME = Mekonging;
			};
			name = Release;
		};
/* End XCBuildConfiguration section */

/* Begin XCConfigurationList section */
		285BE3712FEB561C00A5D076 /* Build configuration list for PBXProject "Mekonging" */ = {
			isa = XCConfigurationList;
			buildConfigurations = (
				285BE39D2FEB561F00A5D076 /* Debug */,
				285BE39E2FEB561F00A5D076 /* Release */,
			);
			defaultConfigurationIsVisible = 0;
			defaultConfigurationName = Release;
		};
		285BE39F2FEB561F00A5D076 /* Build configuration list for PBXNativeTarget "Mekonging" */ = {
			isa = XCConfigurationList;
			buildConfigurations = (
				285BE3A02FEB561F00A5D076 /* Debug */,
				285BE3A12FEB561F00A5D076 /* Release */,
			);
			defaultConfigurationIsVisible = 0;
			defaultConfigurationName = Release;
		};
		285BE3A22FEB561F00A5D076 /* Build configuration list for PBXNativeTarget "MekongingTests" */ = {
			isa = XCConfigurationList;
			buildConfigurations = (
				285BE3A32FEB561F00A5D076 /* Debug */,
				285BE3A42FEB561F00A5D076 /* Release */,
			);
			defaultConfigurationIsVisible = 0;
			defaultConfigurationName = Release;
		};
		285BE3A52FEB561F00A5D076 /* Build configuration list for PBXNativeTarget "MekongingUITests" */ = {
			isa = XCConfigurationList;
			buildConfigurations = (
				285BE3A62FEB561F00A5D076 /* Debug */,
				285BE3A72FEB561F00A5D076 /* Release */,
			);
			defaultConfigurationIsVisible = 0;
			defaultConfigurationName = Release;
		};
/* End XCConfigurationList section */

/* Begin XCVersionGroup section */
		285BE3842FEB561F00A5D076 /* Mekonging.xcdatamodeld */ = {
			isa = XCVersionGroup;
			children = (
				285BE3852FEB561F00A5D076 /* Mekonging.xcdatamodel */,
			);
			currentVersion = 285BE3852FEB561F00A5D076 /* Mekonging.xcdatamodel */;
			path = Mekonging.xcdatamodeld;
			sourceTree = "<group>";
			versionGroupType = wrapper.xcdatamodel;
		};
/* End XCVersionGroup section */
	};
	rootObject = 285BE36E2FEB561C00A5D076 /* Project object */;
}
